# This file is automatically @generated by Cargo.
# It is not intended for manual editing.
version = 4

[[package]]
name = "kagari-cli"
version = "0.1.0"
dependencies = [
 "kagari-common",
 "kagari-ir",
 "kagari-runtime",
 "kagari-sema",
 "kagari-syntax",
 "kagari-vm",
]

[[package]]
name = "kagari-common"
version = "0.1.0"

[[package]]
name = "kagari-ir"
version = "0.1.0"
dependencies = [
 "kagari-sema",
]

[[package]]
name = "kagari-runtime"
version = "0.1.0"
dependencies = [
 "kagari-ir",
]

[[package]]
name = "kagari-sema"
version = "0.1.0"
dependencies = [
 "kagari-common",
 "kagari-syntax",
]

[[package]]
name = "kagari-syntax"
version = "0.1.0"
dependencies = [
 "kagari-common",
]

[[package]]
name = "kagari-vm"
version = "0.1.0"
dependencies = [
 "kagari-runtime",
]
